
Microsoft Visual Studio Solution File, Format Version 11.00
# Visual Studio 2010
Project("{FAE04EC0-301F-11D3-BF4B-00C04F79EFBC}") = "KataRomanNumerals.Test", "KataRomanNumerals.Test\KataRomanNumerals.Test.csproj", "{34FF8908-7443-4A53-B930-8A817AE80526}"
EndProject
Project("{2150E333-8FDC-42A3-9474-1A3956D46DE8}") = "Solution Items", "Solution Items", "{A7BE063D-4346-4A61-A56A-4D28220E01AC}"
	ProjectSection(SolutionItems) = preProject
		KataRomanNumerals.vsmdi = KataRomanNumerals.vsmdi
		Local.testsettings = Local.testsettings
		TraceAndTestImpact.testsettings = TraceAndTestImpact.testsettings
	EndProjectSection
EndProject
Project("{FAE04EC0-301F-11D3-BF4B-00C04F79EFBC}") = "KataRomanNumerals.Library", "KataRomanNumerals.Library\KataRomanNumerals.Library.csproj", "{26FA71F2-64C9-4C27-971E-EDA5255B6DB1}"
EndProject
Global
	GlobalSection(TestCaseManagementSettings) = postSolution
		CategoryFile = KataRomanNumerals.vsmdi
	EndGlobalSection
	GlobalSection(SolutionConfigurationPlatforms) = preSolution
		Debug|Any CPU = Debug|Any CPU
		Release|Any CPU = Release|Any CPU
	EndGlobalSection
	GlobalSection(ProjectConfigurationPlatforms) = postSolution
		{34FF8908-7443-4A53-B930-8A817AE80526}.Debug|Any CPU.ActiveCfg = Debug|Any CPU
		{34FF8908-7443-4A53-B930-8A817AE80526}.Debug|Any CPU.Build.0 = Debug|Any CPU
		{34FF8908-7443-4A53-B930-8A817AE80526}.Release|Any CPU.ActiveCfg = Release|Any CPU
		{34FF8908-7443-4A53-B930-8A817AE80526}.Release|Any CPU.Build.0 = Release|Any CPU
		{26FA71F2-64C9-4C27-971E-EDA5255B6DB1}.Debug|Any CPU.ActiveCfg = Debug|Any CPU
		{26FA71F2-64C9-4C27-971E-EDA5255B6DB1}.Debug|Any CPU.Build.0 = Debug|Any CPU
		{26FA71F2-64C9-4C27-971E-EDA5255B6DB1}.Release|Any CPU.ActiveCfg = Release|Any CPU
		{26FA71F2-64C9-4C27-971E-EDA5255B6DB1}.Release|Any CPU.Build.0 = Release|Any CPU
	EndGlobalSection
	GlobalSection(SolutionProperties) = preSolution
		HideSolutionNode = FALSE
	EndGlobalSection
EndGlobal
